
Microsoft Visual Studio Solution File, Format Version 12.00
# Visual Studio Version 17
VisualStudioVersion = 17.13.35806.99 d17.13
MinimumVisualStudioVersion = 10.0.40219.1
Project("{FAE04EC0-301F-11D3-BF4B-00C04F79EFBC}") = "BrinquedoPOO", "BrinquedoPOO.csproj", "{3F147227-466F-4B7A-895C-9437B12D984A}"
EndProject
Global
	GlobalSection(SolutionConfigurationPlatforms) = preSolution
		Debug|Any CPU = Debug|Any CPU
		Release|Any CPU = Release|Any CPU
	EndGlobalSection
	GlobalSection(ProjectConfigurationPlatforms) = postSolution
		{3F147227-466F-4B7A-895C-9437B12D984A}.Debug|Any CPU.ActiveCfg = Debug|Any CPU
		{3F147227-466F-4B7A-895C-9437B12D984A}.Debug|Any CPU.Build.0 = Debug|Any CPU
		{3F147227-466F-4B7A-895C-9437B12D984A}.Release|Any CPU.ActiveCfg = Release|Any CPU
		{3F147227-466F-4B7A-895C-9437B12D984A}.Release|Any CPU.Build.0 = Release|Any CPU
	EndGlobalSection
	GlobalSection(SolutionProperties) = preSolution
		HideSolutionNode = FALSE
	EndGlobalSection
	GlobalSection(ExtensibilityGlobals) = postSolution
		SolutionGuid = {4BDC80D0-4AB2-49BC-8EED-5CFD58512C8F}
	EndGlobalSection
EndGlobal
